# This file is generated by running "yarn install" inside your project.
# Manual changes might be lost - proceed with caution!

__metadata:
  version: 6
  cacheKey: 8

"@lastgram/core@workspace:^, @lastgram/core@workspace:essentials/core":
  version: 0.0.0-use.local
  resolution: "@lastgram/core@workspace:essentials/core"
  dependencies:
    "@lastgram/database": "workspace:^"
    "@lastgram/logging": "workspace:^"
  languageName: unknown
  linkType: soft

"@lastgram/database@workspace:^, @lastgram/database@workspace:essentials/database":
  version: 0.0.0-use.local
  resolution: "@lastgram/database@workspace:essentials/database"
  dependencies:
    "@lastgram/logging": "workspace:^"
    prisma: ^4.0.0
  languageName: unknown
  linkType: soft

"@lastgram/lastfm@workspace:essentials/lastfm":
  version: 0.0.0-use.local
  resolution: "@lastgram/lastfm@workspace:essentials/lastfm"
  languageName: unknown
  linkType: soft

"@lastgram/logging@workspace:^, @lastgram/logging@workspace:essentials/logging":
  version: 0.0.0-use.local
  resolution: "@lastgram/logging@workspace:essentials/logging"
  dependencies:
    chalk: ^5.0.1
  languageName: unknown
  linkType: soft

"@lastgram/root@workspace:.":
  version: 0.0.0-use.local
  resolution: "@lastgram/root@workspace:."
  dependencies:
    "@prisma/client": 4.0.0
    "@types/node": ^18.0.4
    prisma: ^4.0.0
    turbo: ^1.3.1
    typescript: ^4.7.4
  languageName: unknown
  linkType: soft

"@lastgram/telegram@workspace:platforms/telegram":
  version: 0.0.0-use.local
  resolution: "@lastgram/telegram@workspace:platforms/telegram"
  dependencies:
    "@lastgram/core": "workspace:^"
    "@lastgram/logging": "workspace:^"
    "@types/node": ^18.0.3
    node-fetch: ^3.2.8
    typescript: ^4.7.4
  languageName: unknown
  linkType: soft

"@prisma/client@npm:4.0.0":
  version: 4.0.0
  resolution: "@prisma/client@npm:4.0.0"
  dependencies:
    "@prisma/engines-version": 3.16.0-49.da41d2bb3406da22087b849f0e911199ba4fbf11
  peerDependencies:
    prisma: "*"
  peerDependenciesMeta:
    prisma:
      optional: true
  checksum: 93cd563881e15092303697e1c8177bcfaea6ec8f4ce48950f57bc9b74dd7ffd3929a8c5ad8130457fb8c1b889cad0799cbb928e39e2ebf37310daf41e9cb8312
  languageName: node
  linkType: hard

"@prisma/engines-version@npm:3.16.0-49.da41d2bb3406da22087b849f0e911199ba4fbf11":
  version: 3.16.0-49.da41d2bb3406da22087b849f0e911199ba4fbf11
  resolution: "@prisma/engines-version@npm:3.16.0-49.da41d2bb3406da22087b849f0e911199ba4fbf11"
  checksum: edea5a5189bad83e4cfa4d98543d9d437ab0d505826d202415d5ed9ac893d1cd3e6b89b01ddfd059f61799945cc69c9b2b8e4bc7a93e1be0ac458ab1bc04ba93
  languageName: node
  linkType: hard

"@prisma/engines@npm:3.16.0-49.da41d2bb3406da22087b849f0e911199ba4fbf11":
  version: 3.16.0-49.da41d2bb3406da22087b849f0e911199ba4fbf11
  resolution: "@prisma/engines@npm:3.16.0-49.da41d2bb3406da22087b849f0e911199ba4fbf11"
  checksum: 0738eb730da2a4c6d77fb9f104a951731a975dd5ca7317637081c38f377c65b39f0a0b8db23ffe40390279f39aca2cde467aba14fb1acd6398ff01dc256f0033
  languageName: node
  linkType: hard

"@types/node@npm:^18.0.3":
  version: 18.0.3
  resolution: "@types/node@npm:18.0.3"
  checksum: 5dec59fbbc1186c808b53df1ca717dad034dbd6a901c75f5b052c845618b531b05f27217122c6254db99529a68618e4cfc534ae3dbf4e88754e9e572df80defa
  languageName: node
  linkType: hard

"@types/node@npm:^18.0.4":
  version: 18.0.4
  resolution: "@types/node@npm:18.0.4"
  checksum: 981284fd57941f233f0e77038087c122f56e3c2b4fc4e090dfc7f0a93abfc526d5ccdd59eb3ef551d713245cf3943e37c7b957f12ba699209341a447c39fab59
  languageName: node
  linkType: hard

"chalk@npm:^5.0.1":
  version: 5.0.1
  resolution: "chalk@npm:5.0.1"
  checksum: 7b45300372b908f0471fbf7389ce2f5de8d85bb949026fd51a1b95b10d0ed32c7ed5aab36dd5e9d2bf3191867909b4404cef75c5f4d2d1daeeacd301dd280b76
  languageName: node
  linkType: hard

"data-uri-to-buffer@npm:^4.0.0":
  version: 4.0.0
  resolution: "data-uri-to-buffer@npm:4.0.0"
  checksum: a010653869abe8bb51259432894ac62c52bf79ad761d418d94396f48c346f2ae739c46b254e8bb5987bded8a653d467db1968db3a69bab1d33aa5567baa5cfc7
  languageName: node
  linkType: hard

"fetch-blob@npm:^3.1.2, fetch-blob@npm:^3.1.4":
  version: 3.2.0
  resolution: "fetch-blob@npm:3.2.0"
  dependencies:
    node-domexception: ^1.0.0
    web-streams-polyfill: ^3.0.3
  checksum: f19bc28a2a0b9626e69fd7cf3a05798706db7f6c7548da657cbf5026a570945f5eeaedff52007ea35c8bcd3d237c58a20bf1543bc568ab2422411d762dd3d5bf
  languageName: node
  linkType: hard

"formdata-polyfill@npm:^4.0.10":
  version: 4.0.10
  resolution: "formdata-polyfill@npm:4.0.10"
  dependencies:
    fetch-blob: ^3.1.2
  checksum: 82a34df292afadd82b43d4a740ce387bc08541e0a534358425193017bf9fb3567875dc5f69564984b1da979979b70703aa73dee715a17b6c229752ae736dd9db
  languageName: node
  linkType: hard

"node-domexception@npm:^1.0.0":
  version: 1.0.0
  resolution: "node-domexception@npm:1.0.0"
  checksum: ee1d37dd2a4eb26a8a92cd6b64dfc29caec72bff5e1ed9aba80c294f57a31ba4895a60fd48347cf17dd6e766da0ae87d75657dfd1f384ebfa60462c2283f5c7f
  languageName: node
  linkType: hard

"node-fetch@npm:^3.2.8":
  version: 3.2.8
  resolution: "node-fetch@npm:3.2.8"
  dependencies:
    data-uri-to-buffer: ^4.0.0
    fetch-blob: ^3.1.4
    formdata-polyfill: ^4.0.10
  checksum: 2f7fc3e59fbede43a273e988d2f2a3dd68160618114e32ad537477db253808b65221f1dbfd666b8fb33ff07bf1de9d6448035b0f8ada5ef876c5afec93b27318
  languageName: node
  linkType: hard

"prisma@npm:^4.0.0":
  version: 4.0.0
  resolution: "prisma@npm:4.0.0"
  dependencies:
    "@prisma/engines": 3.16.0-49.da41d2bb3406da22087b849f0e911199ba4fbf11
  bin:
    prisma: build/index.js
    prisma2: build/index.js
  checksum: aef399c6b265fe892112ffc3ade0e5e50804fef982c4162f976a9c370e09e17235541a6f371255ec6c2ada332ef8b8db5e21f0f47f09befed133984a0c00f0c0
  languageName: node
  linkType: hard

"turbo-android-arm64@npm:1.3.1":
  version: 1.3.1
  resolution: "turbo-android-arm64@npm:1.3.1"
  conditions: os=android & cpu=arm64
  languageName: node
  linkType: hard

"turbo-darwin-64@npm:1.3.1":
  version: 1.3.1
  resolution: "turbo-darwin-64@npm:1.3.1"
  conditions: os=darwin & cpu=x64
  languageName: node
  linkType: hard

"turbo-darwin-arm64@npm:1.3.1":
  version: 1.3.1
  resolution: "turbo-darwin-arm64@npm:1.3.1"
  conditions: os=darwin & cpu=arm64
  languageName: node
  linkType: hard

"turbo-freebsd-64@npm:1.3.1":
  version: 1.3.1
  resolution: "turbo-freebsd-64@npm:1.3.1"
  conditions: os=freebsd & cpu=x64
  languageName: node
  linkType: hard

"turbo-freebsd-arm64@npm:1.3.1":
  version: 1.3.1
  resolution: "turbo-freebsd-arm64@npm:1.3.1"
  conditions: os=freebsd & cpu=arm64
  languageName: node
  linkType: hard

"turbo-linux-32@npm:1.3.1":
  version: 1.3.1
  resolution: "turbo-linux-32@npm:1.3.1"
  conditions: os=linux & cpu=ia32
  languageName: node
  linkType: hard

"turbo-linux-64@npm:1.3.1":
  version: 1.3.1
  resolution: "turbo-linux-64@npm:1.3.1"
  conditions: os=linux & cpu=x64
  languageName: node
  linkType: hard

"turbo-linux-arm64@npm:1.3.1":
  version: 1.3.1
  resolution: "turbo-linux-arm64@npm:1.3.1"
  conditions: os=linux & cpu=arm64
  languageName: node
  linkType: hard

"turbo-linux-arm@npm:1.3.1":
  version: 1.3.1
  resolution: "turbo-linux-arm@npm:1.3.1"
  conditions: os=linux & cpu=arm
  languageName: node
  linkType: hard

"turbo-linux-mips64le@npm:1.3.1":
  version: 1.3.1
  resolution: "turbo-linux-mips64le@npm:1.3.1"
  conditions: os=linux & cpu=mips64el
  languageName: node
  linkType: hard

"turbo-linux-ppc64le@npm:1.3.1":
  version: 1.3.1
  resolution: "turbo-linux-ppc64le@npm:1.3.1"
  conditions: os=linux & cpu=ppc64
  languageName: node
  linkType: hard

"turbo-windows-32@npm:1.3.1":
  version: 1.3.1
  resolution: "turbo-windows-32@npm:1.3.1"
  conditions: os=win32 & cpu=ia32
  languageName: node
  linkType: hard

"turbo-windows-64@npm:1.3.1":
  version: 1.3.1
  resolution: "turbo-windows-64@npm:1.3.1"
  conditions: os=win32 & cpu=x64
  languageName: node
  linkType: hard

"turbo-windows-arm64@npm:1.3.1":
  version: 1.3.1
  resolution: "turbo-windows-arm64@npm:1.3.1"
  conditions: os=win32 & cpu=arm64
  languageName: node
  linkType: hard

"turbo@npm:^1.3.1":
  version: 1.3.1
  resolution: "turbo@npm:1.3.1"
  dependencies:
    turbo-android-arm64: 1.3.1
    turbo-darwin-64: 1.3.1
    turbo-darwin-arm64: 1.3.1
    turbo-freebsd-64: 1.3.1
    turbo-freebsd-arm64: 1.3.1
    turbo-linux-32: 1.3.1
    turbo-linux-64: 1.3.1
    turbo-linux-arm: 1.3.1
    turbo-linux-arm64: 1.3.1
    turbo-linux-mips64le: 1.3.1
    turbo-linux-ppc64le: 1.3.1
    turbo-windows-32: 1.3.1
    turbo-windows-64: 1.3.1
    turbo-windows-arm64: 1.3.1
  dependenciesMeta:
    turbo-android-arm64:
      optional: true
    turbo-darwin-64:
      optional: true
    turbo-darwin-arm64:
      optional: true
    turbo-freebsd-64:
      optional: true
    turbo-freebsd-arm64:
      optional: true
    turbo-linux-32:
      optional: true
    turbo-linux-64:
      optional: true
    turbo-linux-arm:
      optional: true
    turbo-linux-arm64:
      optional: true
    turbo-linux-mips64le:
      optional: true
    turbo-linux-ppc64le:
      optional: true
    turbo-windows-32:
      optional: true
    turbo-windows-64:
      optional: true
    turbo-windows-arm64:
      optional: true
  bin:
    turbo: bin/turbo
  checksum: fced49081f2c64aaf93a2499edb057bb05d30bd2074b9652610f939c9037869501fcc50e7ad05a48cec4a8b9d344cc1c4ea505edd45fe2f9639fb138fa55182b
  languageName: node
  linkType: hard

"typescript@npm:^4.7.4":
  version: 4.7.4
  resolution: "typescript@npm:4.7.4"
  bin:
    tsc: bin/tsc
    tsserver: bin/tsserver
  checksum: 5750181b1cd7e6482c4195825547e70f944114fb47e58e4aa7553e62f11b3f3173766aef9c281783edfd881f7b8299cf35e3ca8caebe73d8464528c907a164df
  languageName: node
  linkType: hard

"typescript@patch:typescript@^4.7.4#~builtin<compat/typescript>":
  version: 4.7.4
  resolution: "typescript@patch:typescript@npm%3A4.7.4#~builtin<compat/typescript>::version=4.7.4&hash=7ad353"
  bin:
    tsc: bin/tsc
    tsserver: bin/tsserver
  checksum: 9096d8f6c16cb80ef3bf96fcbbd055bf1c4a43bd14f3b7be45a9fbe7ada46ec977f604d5feed3263b4f2aa7d4c7477ce5f9cd87de0d6feedec69a983f3a4f93e
  languageName: node
  linkType: hard

"web-streams-polyfill@npm:^3.0.3":
  version: 3.2.1
  resolution: "web-streams-polyfill@npm:3.2.1"
  checksum: b119c78574b6d65935e35098c2afdcd752b84268e18746606af149e3c424e15621b6f1ff0b42b2676dc012fc4f0d313f964b41a4b5031e525faa03997457da02
  languageName: node
  linkType: hard
